
Microsoft Visual Studio Solution File, Format Version 9.00
# Visual Studio 2005
Project("{8BC9CEB8-8B4A-11D0-8D11-00A0C91BC942}") = "_build_all", "_build_all.vcproj", "{B589B47D-FAB7-4F0A-9A55-7C0DA345386C}"
	ProjectSection(ProjectDependencies) = postProject
		{7C85D254-A1A7-40A0-B2BF-7CD9858643E2} = {7C85D254-A1A7-40A0-B2BF-7CD9858643E2}
		{D16CDE03-7AE7-4146-89CE-F6058A04626F} = {D16CDE03-7AE7-4146-89CE-F6058A04626F}
		{2FE88B01-E6AF-4C0C-AA85-1891E7EC0F98} = {2FE88B01-E6AF-4C0C-AA85-1891E7EC0F98}
		{137F46E4-1304-43D5-A529-B39206574689} = {137F46E4-1304-43D5-A529-B39206574689}
		{FB008DCB-55C3-41DF-8FF9-FF793DC302B5} = {FB008DCB-55C3-41DF-8FF9-FF793DC302B5}
		{CB87A29E-29AD-47AD-A654-11370A9F4D2A} = {CB87A29E-29AD-47AD-A654-11370A9F4D2A}
		{4A11FD84-9C4E-461A-BC15-5DC9356D2392} = {4A11FD84-9C4E-461A-BC15-5DC9356D2392}
		{583547CC-DEDF-4AC9-BD8F-8A3FEE00E2AE} = {583547CC-DEDF-4AC9-BD8F-8A3FEE00E2AE}
		{AAD936AA-AA37-46BB-97B7-3E78972D546E} = {AAD936AA-AA37-46BB-97B7-3E78972D546E}
		{2AECE6A6-258E-4079-884A-177B242ECE13} = {2AECE6A6-258E-4079-884A-177B242ECE13}
		{1877FDBC-FC05-472A-8057-D330968F0204} = {1877FDBC-FC05-472A-8057-D330968F0204}
		{95BD3D49-A113-4F3E-B84C-B18D9C7021B8} = {95BD3D49-A113-4F3E-B84C-B18D9C7021B8}
		{E3C815EC-38C7-4815-AF6E-7013D6DD53DC} = {E3C815EC-38C7-4815-AF6E-7013D6DD53DC}
		{4E5996EA-734E-4F7B-92F8-127CD27CEFFF} = {4E5996EA-734E-4F7B-92F8-127CD27CEFFF}
		{DFEABAD2-3F7A-49CF-9ADC-B597B889AE21} = {DFEABAD2-3F7A-49CF-9ADC-B597B889AE21}
		{E27BFB84-0E40-4D2B-B28D-FFE7355A54C7} = {E27BFB84-0E40-4D2B-B28D-FFE7355A54C7}
		{08F1FAAD-70C0-44A6-AA71-5E641014B0BC} = {08F1FAAD-70C0-44A6-AA71-5E641014B0BC}
		{70E15A2E-675B-4AB5-BD7F-C3B0C3A45414} = {70E15A2E-675B-4AB5-BD7F-C3B0C3A45414}
		{D954917A-9851-4603-AEA8-846E6C542E4F} = {D954917A-9851-4603-AEA8-846E6C542E4F}
	EndProjectSection
EndProject
Project("{8BC9CEB8-8B4A-11D0-8D11-00A0C91BC942}") = "aescrypt2", "aescrypt2.vcproj", "{70E15A2E-675B-4AB5-BD7F-C3B0C3A45414}"
	ProjectSection(ProjectDependencies) = postProject
		{D954917A-9851-4603-AEA8-846E6C542E4F} = {D954917A-9851-4603-AEA8-846E6C542E4F}
	EndProjectSection
EndProject
Project("{8BC9CEB8-8B4A-11D0-8D11-00A0C91BC942}") = "benchmark", "benchmark.vcproj", "{E3C815EC-38C7-4815-AF6E-7013D6DD53DC}"
	ProjectSection(ProjectDependencies) = postProject
		{D954917A-9851-4603-AEA8-846E6C542E4F} = {D954917A-9851-4603-AEA8-846E6C542E4F}
	EndProjectSection
EndProject
Project("{8BC9CEB8-8B4A-11D0-8D11-00A0C91BC942}") = "dh_client", "dh_client.vcproj", "{95BD3D49-A113-4F3E-B84C-B18D9C7021B8}"
	ProjectSection(ProjectDependencies) = postProject
		{D954917A-9851-4603-AEA8-846E6C542E4F} = {D954917A-9851-4603-AEA8-846E6C542E4F}
	EndProjectSection
EndProject
Project("{8BC9CEB8-8B4A-11D0-8D11-00A0C91BC942}") = "dh_genprime", "dh_genprime.vcproj", "{1877FDBC-FC05-472A-8057-D330968F0204}"
	ProjectSection(ProjectDependencies) = postProject
		{D954917A-9851-4603-AEA8-846E6C542E4F} = {D954917A-9851-4603-AEA8-846E6C542E4F}
	EndProjectSection
EndProject
Project("{8BC9CEB8-8B4A-11D0-8D11-00A0C91BC942}") = "dh_server", "dh_server.vcproj", "{2AECE6A6-258E-4079-884A-177B242ECE13}"
	ProjectSection(ProjectDependencies) = postProject
		{D954917A-9851-4603-AEA8-846E6C542E4F} = {D954917A-9851-4603-AEA8-846E6C542E4F}
	EndProjectSection
EndProject
Project("{8BC9CEB8-8B4A-11D0-8D11-00A0C91BC942}") = "hello", "hello.vcproj", "{08F1FAAD-70C0-44A6-AA71-5E641014B0BC}"
	ProjectSection(ProjectDependencies) = postProject
		{D954917A-9851-4603-AEA8-846E6C542E4F} = {D954917A-9851-4603-AEA8-846E6C542E4F}
	EndProjectSection
EndProject
Project("{8BC9CEB8-8B4A-11D0-8D11-00A0C91BC942}") = "md5sum", "md5sum.vcproj", "{E27BFB84-0E40-4D2B-B28D-FFE7355A54C7}"
	ProjectSection(ProjectDependencies) = postProject
		{D954917A-9851-4603-AEA8-846E6C542E4F} = {D954917A-9851-4603-AEA8-846E6C542E4F}
	EndProjectSection
EndProject
Project("{8BC9CEB8-8B4A-11D0-8D11-00A0C91BC942}") = "mpi_demo", "mpi_demo.vcproj", "{AAD936AA-AA37-46BB-97B7-3E78972D546E}"
	ProjectSection(ProjectDependencies) = postProject
		{D954917A-9851-4603-AEA8-846E6C542E4F} = {D954917A-9851-4603-AEA8-846E6C542E4F}
	EndProjectSection
EndProject
Project("{8BC9CEB8-8B4A-11D0-8D11-00A0C91BC942}") = "rsa_genkey", "rsa_genkey.vcproj", "{583547CC-DEDF-4AC9-BD8F-8A3FEE00E2AE}"
	ProjectSection(ProjectDependencies) = postProject
		{D954917A-9851-4603-AEA8-846E6C542E4F} = {D954917A-9851-4603-AEA8-846E6C542E4F}
	EndProjectSection
EndProject
Project("{8BC9CEB8-8B4A-11D0-8D11-00A0C91BC942}") = "rsa_sign", "rsa_sign.vcproj", "{4A11FD84-9C4E-461A-BC15-5DC9356D2392}"
	ProjectSection(ProjectDependencies) = postProject
		{D954917A-9851-4603-AEA8-846E6C542E4F} = {D954917A-9851-4603-AEA8-846E6C542E4F}
	EndProjectSection
EndProject
Project("{8BC9CEB8-8B4A-11D0-8D11-00A0C91BC942}") = "rsa_verify", "rsa_verify.vcproj", "{CB87A29E-29AD-47AD-A654-11370A9F4D2A}"
	ProjectSection(ProjectDependencies) = postProject
		{D954917A-9851-4603-AEA8-846E6C542E4F} = {D954917A-9851-4603-AEA8-846E6C542E4F}
	EndProjectSection
EndProject
Project("{8BC9CEB8-8B4A-11D0-8D11-00A0C91BC942}") = "selftest", "selftest.vcproj", "{FB008DCB-55C3-41DF-8FF9-FF793DC302B5}"
	ProjectSection(ProjectDependencies) = postProject
		{D954917A-9851-4603-AEA8-846E6C542E4F} = {D954917A-9851-4603-AEA8-846E6C542E4F}
	EndProjectSection
EndProject
Project("{8BC9CEB8-8B4A-11D0-8D11-00A0C91BC942}") = "sha1sum", "sha1sum.vcproj", "{DFEABAD2-3F7A-49CF-9ADC-B597B889AE21}"
	ProjectSection(ProjectDependencies) = postProject
		{D954917A-9851-4603-AEA8-846E6C542E4F} = {D954917A-9851-4603-AEA8-846E6C542E4F}
	EndProjectSection
EndProject
Project("{8BC9CEB8-8B4A-11D0-8D11-00A0C91BC942}") = "sha2sum", "sha2sum.vcproj", "{4E5996EA-734E-4F7B-92F8-127CD27CEFFF}"
	ProjectSection(ProjectDependencies) = postProject
		{D954917A-9851-4603-AEA8-846E6C542E4F} = {D954917A-9851-4603-AEA8-846E6C542E4F}
	EndProjectSection
EndProject
Project("{8BC9CEB8-8B4A-11D0-8D11-00A0C91BC942}") = "ssl_client1", "ssl_client1.vcproj", "{137F46E4-1304-43D5-A529-B39206574689}"
	ProjectSection(ProjectDependencies) = postProject
		{D954917A-9851-4603-AEA8-846E6C542E4F} = {D954917A-9851-4603-AEA8-846E6C542E4F}
	EndProjectSection
EndProject
Project("{8BC9CEB8-8B4A-11D0-8D11-00A0C91BC942}") = "ssl_client2", "ssl_client2.vcproj", "{2FE88B01-E6AF-4C0C-AA85-1891E7EC0F98}"
	ProjectSection(ProjectDependencies) = postProject
		{D954917A-9851-4603-AEA8-846E6C542E4F} = {D954917A-9851-4603-AEA8-846E6C542E4F}
	EndProjectSection
EndProject
Project("{8BC9CEB8-8B4A-11D0-8D11-00A0C91BC942}") = "ssl_server", "ssl_server.vcproj", "{D16CDE03-7AE7-4146-89CE-F6058A04626F}"
	ProjectSection(ProjectDependencies) = postProject
		{D954917A-9851-4603-AEA8-846E6C542E4F} = {D954917A-9851-4603-AEA8-846E6C542E4F}
	EndProjectSection
EndProject
Project("{8BC9CEB8-8B4A-11D0-8D11-00A0C91BC942}") = "ssl_test", "ssl_test.vcproj", "{7C85D254-A1A7-40A0-B2BF-7CD9858643E2}"
	ProjectSection(ProjectDependencies) = postProject
		{D954917A-9851-4603-AEA8-846E6C542E4F} = {D954917A-9851-4603-AEA8-846E6C542E4F}
	EndProjectSection
EndProject
Project("{8BC9CEB8-8B4A-11D0-8D11-00A0C91BC942}") = "xyssl", "xyssl.vcproj", "{D954917A-9851-4603-AEA8-846E6C542E4F}"
EndProject
Global
	GlobalSection(SolutionConfigurationPlatforms) = preSolution
		Debug|Win32 = Debug|Win32
		Release|Win32 = Release|Win32
	EndGlobalSection
	GlobalSection(ProjectConfigurationPlatforms) = postSolution
		{B589B47D-FAB7-4F0A-9A55-7C0DA345386C}.Debug|Win32.ActiveCfg = Debug|Win32
		{B589B47D-FAB7-4F0A-9A55-7C0DA345386C}.Debug|Win32.Build.0 = Debug|Win32
		{B589B47D-FAB7-4F0A-9A55-7C0DA345386C}.Release|Win32.ActiveCfg = Release|Win32
		{B589B47D-FAB7-4F0A-9A55-7C0DA345386C}.Release|Win32.Build.0 = Release|Win32
		{70E15A2E-675B-4AB5-BD7F-C3B0C3A45414}.Debug|Win32.ActiveCfg = Debug|Win32
		{70E15A2E-675B-4AB5-BD7F-C3B0C3A45414}.Debug|Win32.Build.0 = Debug|Win32
		{70E15A2E-675B-4AB5-BD7F-C3B0C3A45414}.Release|Win32.ActiveCfg = Release|Win32
		{70E15A2E-675B-4AB5-BD7F-C3B0C3A45414}.Release|Win32.Build.0 = Release|Win32
		{E3C815EC-38C7-4815-AF6E-7013D6DD53DC}.Debug|Win32.ActiveCfg = Debug|Win32
		{E3C815EC-38C7-4815-AF6E-7013D6DD53DC}.Debug|Win32.Build.0 = Debug|Win32
		{E3C815EC-38C7-4815-AF6E-7013D6DD53DC}.Release|Win32.ActiveCfg = Release|Win32
		{E3C815EC-38C7-4815-AF6E-7013D6DD53DC}.Release|Win32.Build.0 = Release|Win32
		{95BD3D49-A113-4F3E-B84C-B18D9C7021B8}.Debug|Win32.ActiveCfg = Debug|Win32
		{95BD3D49-A113-4F3E-B84C-B18D9C7021B8}.Debug|Win32.Build.0 = Debug|Win32
		{95BD3D49-A113-4F3E-B84C-B18D9C7021B8}.Release|Win32.ActiveCfg = Release|Win32
		{95BD3D49-A113-4F3E-B84C-B18D9C7021B8}.Release|Win32.Build.0 = Release|Win32
		{1877FDBC-FC05-472A-8057-D330968F0204}.Debug|Win32.ActiveCfg = Debug|Win32
		{1877FDBC-FC05-472A-8057-D330968F0204}.Debug|Win32.Build.0 = Debug|Win32
		{1877FDBC-FC05-472A-8057-D330968F0204}.Release|Win32.ActiveCfg = Release|Win32
		{1877FDBC-FC05-472A-8057-D330968F0204}.Release|Win32.Build.0 = Release|Win32
		{2AECE6A6-258E-4079-884A-177B242ECE13}.Debug|Win32.ActiveCfg = Debug|Win32
		{2AECE6A6-258E-4079-884A-177B242ECE13}.Debug|Win32.Build.0 = Debug|Win32
		{2AECE6A6-258E-4079-884A-177B242ECE13}.Release|Win32.ActiveCfg = Release|Win32
		{2AECE6A6-258E-4079-884A-177B242ECE13}.Release|Win32.Build.0 = Release|Win32
		{08F1FAAD-70C0-44A6-AA71-5E641014B0BC}.Debug|Win32.ActiveCfg = Debug|Win32
		{08F1FAAD-70C0-44A6-AA71-5E641014B0BC}.Debug|Win32.Build.0 = Debug|Win32
		{08F1FAAD-70C0-44A6-AA71-5E641014B0BC}.Release|Win32.ActiveCfg = Release|Win32
		{08F1FAAD-70C0-44A6-AA71-5E641014B0BC}.Release|Win32.Build.0 = Release|Win32
		{E27BFB84-0E40-4D2B-B28D-FFE7355A54C7}.Debug|Win32.ActiveCfg = Debug|Win32
		{E27BFB84-0E40-4D2B-B28D-FFE7355A54C7}.Debug|Win32.Build.0 = Debug|Win32
		{E27BFB84-0E40-4D2B-B28D-FFE7355A54C7}.Release|Win32.ActiveCfg = Release|Win32
		{E27BFB84-0E40-4D2B-B28D-FFE7355A54C7}.Release|Win32.Build.0 = Release|Win32
		{AAD936AA-AA37-46BB-97B7-3E78972D546E}.Debug|Win32.ActiveCfg = Debug|Win32
		{AAD936AA-AA37-46BB-97B7-3E78972D546E}.Debug|Win32.Build.0 = Debug|Win32
		{AAD936AA-AA37-46BB-97B7-3E78972D546E}.Release|Win32.ActiveCfg = Release|Win32
		{AAD936AA-AA37-46BB-97B7-3E78972D546E}.Release|Win32.Build.0 = Release|Win32
		{583547CC-DEDF-4AC9-BD8F-8A3FEE00E2AE}.Debug|Win32.ActiveCfg = Debug|Win32
		{583547CC-DEDF-4AC9-BD8F-8A3FEE00E2AE}.Debug|Win32.Build.0 = Debug|Win32
		{583547CC-DEDF-4AC9-BD8F-8A3FEE00E2AE}.Release|Win32.ActiveCfg = Release|Win32
		{583547CC-DEDF-4AC9-BD8F-8A3FEE00E2AE}.Release|Win32.Build.0 = Release|Win32
		{4A11FD84-9C4E-461A-BC15-5DC9356D2392}.Debug|Win32.ActiveCfg = Debug|Win32
		{4A11FD84-9C4E-461A-BC15-5DC9356D2392}.Debug|Win32.Build.0 = Debug|Win32
		{4A11FD84-9C4E-461A-BC15-5DC9356D2392}.Release|Win32.ActiveCfg = Release|Win32
		{4A11FD84-9C4E-461A-BC15-5DC9356D2392}.Release|Win32.Build.0 = Release|Win32
		{CB87A29E-29AD-47AD-A654-11370A9F4D2A}.Debug|Win32.ActiveCfg = Debug|Win32
		{CB87A29E-29AD-47AD-A654-11370A9F4D2A}.Debug|Win32.Build.0 = Debug|Win32
		{CB87A29E-29AD-47AD-A654-11370A9F4D2A}.Release|Win32.ActiveCfg = Release|Win32
		{CB87A29E-29AD-47AD-A654-11370A9F4D2A}.Release|Win32.Build.0 = Release|Win32
		{FB008DCB-55C3-41DF-8FF9-FF793DC302B5}.Debug|Win32.ActiveCfg = Debug|Win32
		{FB008DCB-55C3-41DF-8FF9-FF793DC302B5}.Debug|Win32.Build.0 = Debug|Win32
		{FB008DCB-55C3-41DF-8FF9-FF793DC302B5}.Release|Win32.ActiveCfg = Release|Win32
		{FB008DCB-55C3-41DF-8FF9-FF793DC302B5}.Release|Win32.Build.0 = Release|Win32
		{DFEABAD2-3F7A-49CF-9ADC-B597B889AE21}.Debug|Win32.ActiveCfg = Debug|Win32
		{DFEABAD2-3F7A-49CF-9ADC-B597B889AE21}.Debug|Win32.Build.0 = Debug|Win32
		{DFEABAD2-3F7A-49CF-9ADC-B597B889AE21}.Release|Win32.ActiveCfg = Release|Win32
		{DFEABAD2-3F7A-49CF-9ADC-B597B889AE21}.Release|Win32.Build.0 = Release|Win32
		{4E5996EA-734E-4F7B-92F8-127CD27CEFFF}.Debug|Win32.ActiveCfg = Debug|Win32
		{4E5996EA-734E-4F7B-92F8-127CD27CEFFF}.Debug|Win32.Build.0 = Debug|Win32
		{4E5996EA-734E-4F7B-92F8-127CD27CEFFF}.Release|Win32.ActiveCfg = Release|Win32
		{4E5996EA-734E-4F7B-92F8-127CD27CEFFF}.Release|Win32.Build.0 = Release|Win32
		{137F46E4-1304-43D5-A529-B39206574689}.Debug|Win32.ActiveCfg = Debug|Win32
		{137F46E4-1304-43D5-A529-B39206574689}.Debug|Win32.Build.0 = Debug|Win32
		{137F46E4-1304-43D5-A529-B39206574689}.Release|Win32.ActiveCfg = Release|Win32
		{137F46E4-1304-43D5-A529-B39206574689}.Release|Win32.Build.0 = Release|Win32
		{2FE88B01-E6AF-4C0C-AA85-1891E7EC0F98}.Debug|Win32.ActiveCfg = Debug|Win32
		{2FE88B01-E6AF-4C0C-AA85-1891E7EC0F98}.Debug|Win32.Build.0 = Debug|Win32
		{2FE88B01-E6AF-4C0C-AA85-1891E7EC0F98}.Release|Win32.ActiveCfg = Release|Win32
		{2FE88B01-E6AF-4C0C-AA85-1891E7EC0F98}.Release|Win32.Build.0 = Release|Win32
		{D16CDE03-7AE7-4146-89CE-F6058A04626F}.Debug|Win32.ActiveCfg = Debug|Win32
		{D16CDE03-7AE7-4146-89CE-F6058A04626F}.Debug|Win32.Build.0 = Debug|Win32
		{D16CDE03-7AE7-4146-89CE-F6058A04626F}.Release|Win32.ActiveCfg = Release|Win32
		{D16CDE03-7AE7-4146-89CE-F6058A04626F}.Release|Win32.Build.0 = Release|Win32
		{7C85D254-A1A7-40A0-B2BF-7CD9858643E2}.Debug|Win32.ActiveCfg = Debug|Win32
		{7C85D254-A1A7-40A0-B2BF-7CD9858643E2}.Debug|Win32.Build.0 = Debug|Win32
		{7C85D254-A1A7-40A0-B2BF-7CD9858643E2}.Release|Win32.ActiveCfg = Release|Win32
		{7C85D254-A1A7-40A0-B2BF-7CD9858643E2}.Release|Win32.Build.0 = Release|Win32
		{D954917A-9851-4603-AEA8-846E6C542E4F}.Debug|Win32.ActiveCfg = Debug|Win32
		{D954917A-9851-4603-AEA8-846E6C542E4F}.Debug|Win32.Build.0 = Debug|Win32
		{D954917A-9851-4603-AEA8-846E6C542E4F}.Release|Win32.ActiveCfg = Release|Win32
		{D954917A-9851-4603-AEA8-846E6C542E4F}.Release|Win32.Build.0 = Release|Win32
	EndGlobalSection
	GlobalSection(SolutionProperties) = preSolution
		HideSolutionNode = FALSE
	EndGlobalSection
EndGlobal
